
Microsoft Visual Studio Solution File, Format Version 12.00
# Visual Studio 14
VisualStudioVersion = 14.0.25420.1
MinimumVisualStudioVersion = 10.0.40219.1
Project("{2150E333-8FDC-42A3-9474-1A3956D46DE8}") = "src", "src", "{ADCE4E23-A95C-4DCF-B602-40FECEE6E1D7}"
EndProject
Project("{2150E333-8FDC-42A3-9474-1A3956D46DE8}") = "Solution Items", "Solution Items", "{AEF897A2-977E-4B01-BE98-C12C24E0FBDD}"
	ProjectSection(SolutionItems) = preProject
		global.json = global.json
	EndProjectSection
EndProject
Project("{8BB2217D-0F2D-49D1-97BC-3654ED321F3B}") = "LePhoenix", "src\LePhoenix\LePhoenix.xproj", "{8045A46E-AC43-4EB0-B9F9-EB0455C4B516}"
EndProject
Global
	GlobalSection(SolutionConfigurationPlatforms) = preSolution
		Debug|Any CPU = Debug|Any CPU
		Release|Any CPU = Release|Any CPU
	EndGlobalSection
	GlobalSection(ProjectConfigurationPlatforms) = postSolution
		{8045A46E-AC43-4EB0-B9F9-EB0455C4B516}.Debug|Any CPU.ActiveCfg = Debug|Any CPU
		{8045A46E-AC43-4EB0-B9F9-EB0455C4B516}.Debug|Any CPU.Build.0 = Debug|Any CPU
		{8045A46E-AC43-4EB0-B9F9-EB0455C4B516}.Release|Any CPU.ActiveCfg = Release|Any CPU
		{8045A46E-AC43-4EB0-B9F9-EB0455C4B516}.Release|Any CPU.Build.0 = Release|Any CPU
	EndGlobalSection
	GlobalSection(SolutionProperties) = preSolution
		HideSolutionNode = FALSE
	EndGlobalSection
	GlobalSection(NestedProjects) = preSolution
		{8045A46E-AC43-4EB0-B9F9-EB0455C4B516} = {ADCE4E23-A95C-4DCF-B602-40FECEE6E1D7}
	EndGlobalSection
EndGlobal
